
Microsoft Visual Studio Solution File, Format Version 12.00
# Visual Studio 15
VisualStudioVersion = 15.0.27004.2002
MinimumVisualStudioVersion = 10.0.40219.1
Project("{FAE04EC0-301F-11D3-BF4B-00C04F79EFBC}") = "PCLExt.FileStorage.Android", "src\PCLExt.FileStorage.Android\PCLExt.FileStorage.Android.csproj", "{8EFC0559-3C9C-4D0C-A5A5-579E58FFE621}"
EndProject
Project("{FAE04EC0-301F-11D3-BF4B-00C04F79EFBC}") = "PCLExt.FileStorage.iOS", "src\PCLExt.FileStorage.iOS\PCLExt.FileStorage.iOS.csproj", "{03DA3968-61A3-44D1-9F99-F55D31E07813}"
EndProject
Project("{FAE04EC0-301F-11D3-BF4B-00C04F79EFBC}") = "PCLExt.FileStorage.Android.Test", "test\PCLExt.FileStorage.Android.Test\PCLExt.FileStorage.Android.Test.csproj", "{CB89F319-1C9D-4574-8874-25F592EC76CD}"
EndProject
Project("{FAE04EC0-301F-11D3-BF4B-00C04F79EFBC}") = "PCLExt.FileStorage.iOS.Test", "test\PCLExt.FileStorage.iOS.Test\PCLExt.FileStorage.iOS.Test.csproj", "{12AB9E53-8A6F-4B3A-8E2F-202799854F91}"
EndProject
Project("{FAE04EC0-301F-11D3-BF4B-00C04F79EFBC}") = "PCLExt.FileStorage.NetFX", "src\PCLExt.FileStorage.NetFX\PCLExt.FileStorage.NetFX.csproj", "{54DBACEB-B898-494B-AD88-2A407CB55A5A}"
EndProject
Project("{FAE04EC0-301F-11D3-BF4B-00C04F79EFBC}") = "PCLExt.FileStorage.macOS", "src\PCLExt.FileStorage.macOS\PCLExt.FileStorage.macOS.csproj", "{0B02DE9A-C3C5-4DB9-B87F-6B05C3566946}"
EndProject
Project("{9A19103F-16F7-4668-BE54-9A1E7A4F7556}") = "PCLExt.FileStorage.Core.Test", "test\PCLExt.FileStorage.Core.Test\PCLExt.FileStorage.Core.Test.csproj", "{316FFBA8-57A8-4B4A-8352-F1E3361D8710}"
EndProject
Project("{FAE04EC0-301F-11D3-BF4B-00C04F79EFBC}") = "PCLExt.FileStorage.NetFX.Test", "test\PCLExt.FileStorage.NetFX.Test\PCLExt.FileStorage.NetFX.Test.csproj", "{119368DE-E6BD-4746-BCD8-BBFE458579CC}"
EndProject
Project("{9A19103F-16F7-4668-BE54-9A1E7A4F7556}") = "PCLExt.FileStorage.Abstractions", "src\PCLExt.FileStorage.Abstractions\PCLExt.FileStorage.Abstractions.csproj", "{5D529A12-F49C-40FE-B3C3-17747D73879E}"
EndProject
Project("{FAE04EC0-301F-11D3-BF4B-00C04F79EFBC}") = "PCLExt.FileStorage.Portable111", "src\PCLExt.FileStorage.Portable111\PCLExt.FileStorage.Portable111.csproj", "{A7C97A2B-F996-4CAF-87D8-F3A60B2B4D44}"
EndProject
Project("{FAE04EC0-301F-11D3-BF4B-00C04F79EFBC}") = "PCLExt.FileStorage.UWP", "src\PCLExt.FileStorage.UWP\PCLExt.FileStorage.UWP.csproj", "{D09BEB59-933D-4446-90FA-C8760705E8E4}"
EndProject
Project("{FAE04EC0-301F-11D3-BF4B-00C04F79EFBC}") = "PCLExt.FileStorage.UWP.Test", "test\PCLExt.FileStorage.UWP.Test\PCLExt.FileStorage.UWP.Test.csproj", "{9E934708-D6C7-48E3-9E95-13144C4E86B5}"
EndProject
Project("{FAE04EC0-301F-11D3-BF4B-00C04F79EFBC}") = "PCLExt.FileStorage.Portable259", "src\PCLExt.FileStorage.Portable259\PCLExt.FileStorage.Portable259.csproj", "{083DDB9E-6B43-4F53-A016-0985F8C04C04}"
EndProject
Project("{9A19103F-16F7-4668-BE54-9A1E7A4F7556}") = "PCLExt.FileStorage.Standard", "src\PCLExt.FileStorage.Standard\PCLExt.FileStorage.Standard.csproj", "{DB6E630E-AD4A-4CFF-B504-01033A17D391}"
EndProject
Global
	GlobalSection(SolutionConfigurationPlatforms) = preSolution
		Debug|AnyCPU = Debug|AnyCPU
		Debug|ARM = Debug|ARM
		Debug|x64 = Debug|x64
		Debug|x86 = Debug|x86
		Release|AnyCPU = Release|AnyCPU
		Release|ARM = Release|ARM
		Release|x64 = Release|x64
		Release|x86 = Release|x86
	EndGlobalSection
	GlobalSection(ProjectConfigurationPlatforms) = postSolution
		{8EFC0559-3C9C-4D0C-A5A5-579E58FFE621}.Debug|AnyCPU.ActiveCfg = Debug|AnyCPU
		{8EFC0559-3C9C-4D0C-A5A5-579E58FFE621}.Debug|AnyCPU.Build.0 = Debug|AnyCPU
		{8EFC0559-3C9C-4D0C-A5A5-579E58FFE621}.Debug|ARM.ActiveCfg = Debug|AnyCPU
		{8EFC0559-3C9C-4D0C-A5A5-579E58FFE621}.Debug|ARM.Build.0 = Debug|AnyCPU
		{8EFC0559-3C9C-4D0C-A5A5-579E58FFE621}.Debug|x64.ActiveCfg = Debug|AnyCPU
		{8EFC0559-3C9C-4D0C-A5A5-579E58FFE621}.Debug|x64.Build.0 = Debug|AnyCPU
		{8EFC0559-3C9C-4D0C-A5A5-579E58FFE621}.Debug|x86.ActiveCfg = Debug|AnyCPU
		{8EFC0559-3C9C-4D0C-A5A5-579E58FFE621}.Debug|x86.Build.0 = Debug|AnyCPU
		{8EFC0559-3C9C-4D0C-A5A5-579E58FFE621}.Release|AnyCPU.ActiveCfg = Release|AnyCPU
		{8EFC0559-3C9C-4D0C-A5A5-579E58FFE621}.Release|AnyCPU.Build.0 = Release|AnyCPU
		{8EFC0559-3C9C-4D0C-A5A5-579E58FFE621}.Release|ARM.ActiveCfg = Release|AnyCPU
		{8EFC0559-3C9C-4D0C-A5A5-579E58FFE621}.Release|ARM.Build.0 = Release|AnyCPU
		{8EFC0559-3C9C-4D0C-A5A5-579E58FFE621}.Release|x64.ActiveCfg = Release|AnyCPU
		{8EFC0559-3C9C-4D0C-A5A5-579E58FFE621}.Release|x64.Build.0 = Release|AnyCPU
		{8EFC0559-3C9C-4D0C-A5A5-579E58FFE621}.Release|x86.ActiveCfg = Release|AnyCPU
		{8EFC0559-3C9C-4D0C-A5A5-579E58FFE621}.Release|x86.Build.0 = Release|AnyCPU
		{03DA3968-61A3-44D1-9F99-F55D31E07813}.Debug|AnyCPU.ActiveCfg = Debug|AnyCPU
		{03DA3968-61A3-44D1-9F99-F55D31E07813}.Debug|AnyCPU.Build.0 = Debug|AnyCPU
		{03DA3968-61A3-44D1-9F99-F55D31E07813}.Debug|ARM.ActiveCfg = Debug|AnyCPU
		{03DA3968-61A3-44D1-9F99-F55D31E07813}.Debug|ARM.Build.0 = Debug|AnyCPU
		{03DA3968-61A3-44D1-9F99-F55D31E07813}.Debug|x64.ActiveCfg = Debug|AnyCPU
		{03DA3968-61A3-44D1-9F99-F55D31E07813}.Debug|x64.Build.0 = Debug|AnyCPU
		{03DA3968-61A3-44D1-9F99-F55D31E07813}.Debug|x86.ActiveCfg = Debug|AnyCPU
		{03DA3968-61A3-44D1-9F99-F55D31E07813}.Debug|x86.Build.0 = Debug|AnyCPU
		{03DA3968-61A3-44D1-9F99-F55D31E07813}.Release|AnyCPU.ActiveCfg = Release|AnyCPU
		{03DA3968-61A3-44D1-9F99-F55D31E07813}.Release|AnyCPU.Build.0 = Release|AnyCPU
		{03DA3968-61A3-44D1-9F99-F55D31E07813}.Release|ARM.ActiveCfg = Release|AnyCPU
		{03DA3968-61A3-44D1-9F99-F55D31E07813}.Release|ARM.Build.0 = Release|AnyCPU
		{03DA3968-61A3-44D1-9F99-F55D31E07813}.Release|x64.ActiveCfg = Release|AnyCPU
		{03DA3968-61A3-44D1-9F99-F55D31E07813}.Release|x64.Build.0 = Release|AnyCPU
		{03DA3968-61A3-44D1-9F99-F55D31E07813}.Release|x86.ActiveCfg = Release|AnyCPU
		{03DA3968-61A3-44D1-9F99-F55D31E07813}.Release|x86.Build.0 = Release|AnyCPU
		{CB89F319-1C9D-4574-8874-25F592EC76CD}.Debug|AnyCPU.ActiveCfg = Debug|AnyCPU
		{CB89F319-1C9D-4574-8874-25F592EC76CD}.Debug|AnyCPU.Build.0 = Debug|AnyCPU
		{CB89F319-1C9D-4574-8874-25F592EC76CD}.Debug|AnyCPU.Deploy.0 = Debug|AnyCPU
		{CB89F319-1C9D-4574-8874-25F592EC76CD}.Debug|ARM.ActiveCfg = Debug|AnyCPU
		{CB89F319-1C9D-4574-8874-25F592EC76CD}.Debug|ARM.Build.0 = Debug|AnyCPU
		{CB89F319-1C9D-4574-8874-25F592EC76CD}.Debug|ARM.Deploy.0 = Debug|AnyCPU
		{CB89F319-1C9D-4574-8874-25F592EC76CD}.Debug|x64.ActiveCfg = Debug|AnyCPU
		{CB89F319-1C9D-4574-8874-25F592EC76CD}.Debug|x64.Build.0 = Debug|AnyCPU
		{CB89F319-1C9D-4574-8874-25F592EC76CD}.Debug|x64.Deploy.0 = Debug|AnyCPU
		{CB89F319-1C9D-4574-8874-25F592EC76CD}.Debug|x86.ActiveCfg = Debug|AnyCPU
		{CB89F319-1C9D-4574-8874-25F592EC76CD}.Debug|x86.Build.0 = Debug|AnyCPU
		{CB89F319-1C9D-4574-8874-25F592EC76CD}.Debug|x86.Deploy.0 = Debug|AnyCPU
		{CB89F319-1C9D-4574-8874-25F592EC76CD}.Release|AnyCPU.ActiveCfg = Release|AnyCPU
		{CB89F319-1C9D-4574-8874-25F592EC76CD}.Release|ARM.ActiveCfg = Release|AnyCPU
		{CB89F319-1C9D-4574-8874-25F592EC76CD}.Release|ARM.Build.0 = Release|AnyCPU
		{CB89F319-1C9D-4574-8874-25F592EC76CD}.Release|ARM.Deploy.0 = Release|AnyCPU
		{CB89F319-1C9D-4574-8874-25F592EC76CD}.Release|x64.ActiveCfg = Release|AnyCPU
		{CB89F319-1C9D-4574-8874-25F592EC76CD}.Release|x64.Build.0 = Release|AnyCPU
		{CB89F319-1C9D-4574-8874-25F592EC76CD}.Release|x64.Deploy.0 = Release|AnyCPU
		{CB89F319-1C9D-4574-8874-25F592EC76CD}.Release|x86.ActiveCfg = Release|AnyCPU
		{CB89F319-1C9D-4574-8874-25F592EC76CD}.Release|x86.Build.0 = Release|AnyCPU
		{CB89F319-1C9D-4574-8874-25F592EC76CD}.Release|x86.Deploy.0 = Release|AnyCPU
		{12AB9E53-8A6F-4B3A-8E2F-202799854F91}.Debug|AnyCPU.ActiveCfg = Debug|iPhoneSimulator
		{12AB9E53-8A6F-4B3A-8E2F-202799854F91}.Debug|AnyCPU.Build.0 = Debug|iPhoneSimulator
		{12AB9E53-8A6F-4B3A-8E2F-202799854F91}.Debug|ARM.ActiveCfg = Debug|iPhone
		{12AB9E53-8A6F-4B3A-8E2F-202799854F91}.Debug|x64.ActiveCfg = Debug|iPhone
		{12AB9E53-8A6F-4B3A-8E2F-202799854F91}.Debug|x86.ActiveCfg = Debug|iPhone
		{12AB9E53-8A6F-4B3A-8E2F-202799854F91}.Release|AnyCPU.ActiveCfg = Release|iPhoneSimulator
		{12AB9E53-8A6F-4B3A-8E2F-202799854F91}.Release|ARM.ActiveCfg = Release|iPhone
		{12AB9E53-8A6F-4B3A-8E2F-202799854F91}.Release|x64.ActiveCfg = Release|iPhone
		{12AB9E53-8A6F-4B3A-8E2F-202799854F91}.Release|x86.ActiveCfg = Release|iPhone
		{54DBACEB-B898-494B-AD88-2A407CB55A5A}.Debug|AnyCPU.ActiveCfg = Debug|AnyCPU
		{54DBACEB-B898-494B-AD88-2A407CB55A5A}.Debug|AnyCPU.Build.0 = Debug|AnyCPU
		{54DBACEB-B898-494B-AD88-2A407CB55A5A}.Debug|ARM.ActiveCfg = Debug|AnyCPU
		{54DBACEB-B898-494B-AD88-2A407CB55A5A}.Debug|ARM.Build.0 = Debug|AnyCPU
		{54DBACEB-B898-494B-AD88-2A407CB55A5A}.Debug|x64.ActiveCfg = Debug|AnyCPU
		{54DBACEB-B898-494B-AD88-2A407CB55A5A}.Debug|x64.Build.0 = Debug|AnyCPU
		{54DBACEB-B898-494B-AD88-2A407CB55A5A}.Debug|x86.ActiveCfg = Debug|AnyCPU
		{54DBACEB-B898-494B-AD88-2A407CB55A5A}.Debug|x86.Build.0 = Debug|AnyCPU
		{54DBACEB-B898-494B-AD88-2A407CB55A5A}.Release|AnyCPU.ActiveCfg = Release|AnyCPU
		{54DBACEB-B898-494B-AD88-2A407CB55A5A}.Release|AnyCPU.Build.0 = Release|AnyCPU
		{54DBACEB-B898-494B-AD88-2A407CB55A5A}.Release|ARM.ActiveCfg = Release|AnyCPU
		{54DBACEB-B898-494B-AD88-2A407CB55A5A}.Release|ARM.Build.0 = Release|AnyCPU
		{54DBACEB-B898-494B-AD88-2A407CB55A5A}.Release|x64.ActiveCfg = Release|AnyCPU
		{54DBACEB-B898-494B-AD88-2A407CB55A5A}.Release|x64.Build.0 = Release|AnyCPU
		{54DBACEB-B898-494B-AD88-2A407CB55A5A}.Release|x86.ActiveCfg = Release|AnyCPU
		{54DBACEB-B898-494B-AD88-2A407CB55A5A}.Release|x86.Build.0 = Release|AnyCPU
		{0B02DE9A-C3C5-4DB9-B87F-6B05C3566946}.Debug|AnyCPU.ActiveCfg = Debug|AnyCPU
		{0B02DE9A-C3C5-4DB9-B87F-6B05C3566946}.Debug|AnyCPU.Build.0 = Debug|AnyCPU
		{0B02DE9A-C3C5-4DB9-B87F-6B05C3566946}.Debug|ARM.ActiveCfg = Debug|AnyCPU
		{0B02DE9A-C3C5-4DB9-B87F-6B05C3566946}.Debug|ARM.Build.0 = Debug|AnyCPU
		{0B02DE9A-C3C5-4DB9-B87F-6B05C3566946}.Debug|x64.ActiveCfg = Debug|AnyCPU
		{0B02DE9A-C3C5-4DB9-B87F-6B05C3566946}.Debug|x64.Build.0 = Debug|AnyCPU
		{0B02DE9A-C3C5-4DB9-B87F-6B05C3566946}.Debug|x86.ActiveCfg = Debug|AnyCPU
		{0B02DE9A-C3C5-4DB9-B87F-6B05C3566946}.Debug|x86.Build.0 = Debug|AnyCPU
		{0B02DE9A-C3C5-4DB9-B87F-6B05C3566946}.Release|AnyCPU.ActiveCfg = Release|AnyCPU
		{0B02DE9A-C3C5-4DB9-B87F-6B05C3566946}.Release|AnyCPU.Build.0 = Release|AnyCPU
		{0B02DE9A-C3C5-4DB9-B87F-6B05C3566946}.Release|ARM.ActiveCfg = Release|AnyCPU
		{0B02DE9A-C3C5-4DB9-B87F-6B05C3566946}.Release|ARM.Build.0 = Release|AnyCPU
		{0B02DE9A-C3C5-4DB9-B87F-6B05C3566946}.Release|x64.ActiveCfg = Release|AnyCPU
		{0B02DE9A-C3C5-4DB9-B87F-6B05C3566946}.Release|x64.Build.0 = Release|AnyCPU
		{0B02DE9A-C3C5-4DB9-B87F-6B05C3566946}.Release|x86.ActiveCfg = Release|AnyCPU
		{0B02DE9A-C3C5-4DB9-B87F-6B05C3566946}.Release|x86.Build.0 = Release|AnyCPU
		{316FFBA8-57A8-4B4A-8352-F1E3361D8710}.Debug|AnyCPU.ActiveCfg = Debug|AnyCPU
		{316FFBA8-57A8-4B4A-8352-F1E3361D8710}.Debug|AnyCPU.Build.0 = Debug|AnyCPU
		{316FFBA8-57A8-4B4A-8352-F1E3361D8710}.Debug|ARM.ActiveCfg = Debug|AnyCPU
		{316FFBA8-57A8-4B4A-8352-F1E3361D8710}.Debug|ARM.Build.0 = Debug|AnyCPU
		{316FFBA8-57A8-4B4A-8352-F1E3361D8710}.Debug|x64.ActiveCfg = Debug|AnyCPU
		{316FFBA8-57A8-4B4A-8352-F1E3361D8710}.Debug|x64.Build.0 = Debug|AnyCPU
		{316FFBA8-57A8-4B4A-8352-F1E3361D8710}.Debug|x86.ActiveCfg = Debug|AnyCPU
		{316FFBA8-57A8-4B4A-8352-F1E3361D8710}.Debug|x86.Build.0 = Debug|AnyCPU
		{316FFBA8-57A8-4B4A-8352-F1E3361D8710}.Release|AnyCPU.ActiveCfg = Release|AnyCPU
		{316FFBA8-57A8-4B4A-8352-F1E3361D8710}.Release|ARM.ActiveCfg = Release|AnyCPU
		{316FFBA8-57A8-4B4A-8352-F1E3361D8710}.Release|ARM.Build.0 = Release|AnyCPU
		{316FFBA8-57A8-4B4A-8352-F1E3361D8710}.Release|x64.ActiveCfg = Release|AnyCPU
		{316FFBA8-57A8-4B4A-8352-F1E3361D8710}.Release|x64.Build.0 = Release|AnyCPU
		{316FFBA8-57A8-4B4A-8352-F1E3361D8710}.Release|x86.ActiveCfg = Release|AnyCPU
		{316FFBA8-57A8-4B4A-8352-F1E3361D8710}.Release|x86.Build.0 = Release|AnyCPU
		{119368DE-E6BD-4746-BCD8-BBFE458579CC}.Debug|AnyCPU.ActiveCfg = Debug|AnyCPU
		{119368DE-E6BD-4746-BCD8-BBFE458579CC}.Debug|AnyCPU.Build.0 = Debug|AnyCPU
		{119368DE-E6BD-4746-BCD8-BBFE458579CC}.Debug|ARM.ActiveCfg = Debug|AnyCPU
		{119368DE-E6BD-4746-BCD8-BBFE458579CC}.Debug|ARM.Build.0 = Debug|AnyCPU
		{119368DE-E6BD-4746-BCD8-BBFE458579CC}.Debug|x64.ActiveCfg = Debug|AnyCPU
		{119368DE-E6BD-4746-BCD8-BBFE458579CC}.Debug|x64.Build.0 = Debug|AnyCPU
		{119368DE-E6BD-4746-BCD8-BBFE458579CC}.Debug|x86.ActiveCfg = Debug|AnyCPU
		{119368DE-E6BD-4746-BCD8-BBFE458579CC}.Debug|x86.Build.0 = Debug|AnyCPU
		{119368DE-E6BD-4746-BCD8-BBFE458579CC}.Release|AnyCPU.ActiveCfg = Release|AnyCPU
		{119368DE-E6BD-4746-BCD8-BBFE458579CC}.Release|ARM.ActiveCfg = Release|AnyCPU
		{119368DE-E6BD-4746-BCD8-BBFE458579CC}.Release|ARM.Build.0 = Release|AnyCPU
		{119368DE-E6BD-4746-BCD8-BBFE458579CC}.Release|x64.ActiveCfg = Release|AnyCPU
		{119368DE-E6BD-4746-BCD8-BBFE458579CC}.Release|x64.Build.0 = Release|AnyCPU
		{119368DE-E6BD-4746-BCD8-BBFE458579CC}.Release|x86.ActiveCfg = Release|AnyCPU
		{119368DE-E6BD-4746-BCD8-BBFE458579CC}.Release|x86.Build.0 = Release|AnyCPU
		{5D529A12-F49C-40FE-B3C3-17747D73879E}.Debug|AnyCPU.ActiveCfg = Debug|AnyCPU
		{5D529A12-F49C-40FE-B3C3-17747D73879E}.Debug|AnyCPU.Build.0 = Debug|AnyCPU
		{5D529A12-F49C-40FE-B3C3-17747D73879E}.Debug|ARM.ActiveCfg = Debug|AnyCPU
		{5D529A12-F49C-40FE-B3C3-17747D73879E}.Debug|ARM.Build.0 = Debug|AnyCPU
		{5D529A12-F49C-40FE-B3C3-17747D73879E}.Debug|x64.ActiveCfg = Debug|AnyCPU
		{5D529A12-F49C-40FE-B3C3-17747D73879E}.Debug|x64.Build.0 = Debug|AnyCPU
		{5D529A12-F49C-40FE-B3C3-17747D73879E}.Debug|x86.ActiveCfg = Debug|AnyCPU
		{5D529A12-F49C-40FE-B3C3-17747D73879E}.Debug|x86.Build.0 = Debug|AnyCPU
		{5D529A12-F49C-40FE-B3C3-17747D73879E}.Release|AnyCPU.ActiveCfg = Release|AnyCPU
		{5D529A12-F49C-40FE-B3C3-17747D73879E}.Release|AnyCPU.Build.0 = Release|AnyCPU
		{5D529A12-F49C-40FE-B3C3-17747D73879E}.Release|ARM.ActiveCfg = Release|AnyCPU
		{5D529A12-F49C-40FE-B3C3-17747D73879E}.Release|ARM.Build.0 = Release|AnyCPU
		{5D529A12-F49C-40FE-B3C3-17747D73879E}.Release|x64.ActiveCfg = Release|AnyCPU
		{5D529A12-F49C-40FE-B3C3-17747D73879E}.Release|x64.Build.0 = Release|AnyCPU
		{5D529A12-F49C-40FE-B3C3-17747D73879E}.Release|x86.ActiveCfg = Release|AnyCPU
		{5D529A12-F49C-40FE-B3C3-17747D73879E}.Release|x86.Build.0 = Release|AnyCPU
		{A7C97A2B-F996-4CAF-87D8-F3A60B2B4D44}.Debug|AnyCPU.ActiveCfg = Debug|AnyCPU
		{A7C97A2B-F996-4CAF-87D8-F3A60B2B4D44}.Debug|AnyCPU.Build.0 = Debug|AnyCPU
		{A7C97A2B-F996-4CAF-87D8-F3A60B2B4D44}.Debug|ARM.ActiveCfg = Debug|AnyCPU
		{A7C97A2B-F996-4CAF-87D8-F3A60B2B4D44}.Debug|ARM.Build.0 = Debug|AnyCPU
		{A7C97A2B-F996-4CAF-87D8-F3A60B2B4D44}.Debug|x64.ActiveCfg = Debug|AnyCPU
		{A7C97A2B-F996-4CAF-87D8-F3A60B2B4D44}.Debug|x64.Build.0 = Debug|AnyCPU
		{A7C97A2B-F996-4CAF-87D8-F3A60B2B4D44}.Debug|x86.ActiveCfg = Debug|AnyCPU
		{A7C97A2B-F996-4CAF-87D8-F3A60B2B4D44}.Debug|x86.Build.0 = Debug|AnyCPU
		{A7C97A2B-F996-4CAF-87D8-F3A60B2B4D44}.Release|AnyCPU.ActiveCfg = Release|AnyCPU
		{A7C97A2B-F996-4CAF-87D8-F3A60B2B4D44}.Release|AnyCPU.Build.0 = Release|AnyCPU
		{A7C97A2B-F996-4CAF-87D8-F3A60B2B4D44}.Release|ARM.ActiveCfg = Release|AnyCPU
		{A7C97A2B-F996-4CAF-87D8-F3A60B2B4D44}.Release|ARM.Build.0 = Release|AnyCPU
		{A7C97A2B-F996-4CAF-87D8-F3A60B2B4D44}.Release|x64.ActiveCfg = Release|AnyCPU
		{A7C97A2B-F996-4CAF-87D8-F3A60B2B4D44}.Release|x64.Build.0 = Release|AnyCPU
		{A7C97A2B-F996-4CAF-87D8-F3A60B2B4D44}.Release|x86.ActiveCfg = Release|AnyCPU
		{A7C97A2B-F996-4CAF-87D8-F3A60B2B4D44}.Release|x86.Build.0 = Release|AnyCPU
		{D09BEB59-933D-4446-90FA-C8760705E8E4}.Debug|AnyCPU.ActiveCfg = Debug|AnyCPU
		{D09BEB59-933D-4446-90FA-C8760705E8E4}.Debug|AnyCPU.Build.0 = Debug|AnyCPU
		{D09BEB59-933D-4446-90FA-C8760705E8E4}.Debug|ARM.ActiveCfg = Debug|ARM
		{D09BEB59-933D-4446-90FA-C8760705E8E4}.Debug|ARM.Build.0 = Debug|ARM
		{D09BEB59-933D-4446-90FA-C8760705E8E4}.Debug|x64.ActiveCfg = Debug|x64
		{D09BEB59-933D-4446-90FA-C8760705E8E4}.Debug|x64.Build.0 = Debug|x64
		{D09BEB59-933D-4446-90FA-C8760705E8E4}.Debug|x86.ActiveCfg = Debug|x86
		{D09BEB59-933D-4446-90FA-C8760705E8E4}.Debug|x86.Build.0 = Debug|x86
		{D09BEB59-933D-4446-90FA-C8760705E8E4}.Release|AnyCPU.ActiveCfg = Release|AnyCPU
		{D09BEB59-933D-4446-90FA-C8760705E8E4}.Release|AnyCPU.Build.0 = Release|AnyCPU
		{D09BEB59-933D-4446-90FA-C8760705E8E4}.Release|ARM.ActiveCfg = Release|ARM
		{D09BEB59-933D-4446-90FA-C8760705E8E4}.Release|ARM.Build.0 = Release|ARM
		{D09BEB59-933D-4446-90FA-C8760705E8E4}.Release|x64.ActiveCfg = Release|x64
		{D09BEB59-933D-4446-90FA-C8760705E8E4}.Release|x64.Build.0 = Release|x64
		{D09BEB59-933D-4446-90FA-C8760705E8E4}.Release|x86.ActiveCfg = Release|x86
		{D09BEB59-933D-4446-90FA-C8760705E8E4}.Release|x86.Build.0 = Release|x86
		{9E934708-D6C7-48E3-9E95-13144C4E86B5}.Debug|AnyCPU.ActiveCfg = Debug|x86
		{9E934708-D6C7-48E3-9E95-13144C4E86B5}.Debug|ARM.ActiveCfg = Debug|ARM
		{9E934708-D6C7-48E3-9E95-13144C4E86B5}.Debug|ARM.Build.0 = Debug|ARM
		{9E934708-D6C7-48E3-9E95-13144C4E86B5}.Debug|ARM.Deploy.0 = Debug|ARM
		{9E934708-D6C7-48E3-9E95-13144C4E86B5}.Debug|x64.ActiveCfg = Debug|x64
		{9E934708-D6C7-48E3-9E95-13144C4E86B5}.Debug|x64.Build.0 = Debug|x64
		{9E934708-D6C7-48E3-9E95-13144C4E86B5}.Debug|x64.Deploy.0 = Debug|x64
		{9E934708-D6C7-48E3-9E95-13144C4E86B5}.Debug|x86.ActiveCfg = Debug|x86
		{9E934708-D6C7-48E3-9E95-13144C4E86B5}.Debug|x86.Build.0 = Debug|x86
		{9E934708-D6C7-48E3-9E95-13144C4E86B5}.Debug|x86.Deploy.0 = Debug|x86
		{9E934708-D6C7-48E3-9E95-13144C4E86B5}.Release|AnyCPU.ActiveCfg = Release|x86
		{9E934708-D6C7-48E3-9E95-13144C4E86B5}.Release|ARM.ActiveCfg = Release|ARM
		{9E934708-D6C7-48E3-9E95-13144C4E86B5}.Release|ARM.Build.0 = Release|ARM
		{9E934708-D6C7-48E3-9E95-13144C4E86B5}.Release|ARM.Deploy.0 = Release|ARM
		{9E934708-D6C7-48E3-9E95-13144C4E86B5}.Release|x64.ActiveCfg = Release|x64
		{9E934708-D6C7-48E3-9E95-13144C4E86B5}.Release|x64.Build.0 = Release|x64
		{9E934708-D6C7-48E3-9E95-13144C4E86B5}.Release|x64.Deploy.0 = Release|x64
		{9E934708-D6C7-48E3-9E95-13144C4E86B5}.Release|x86.ActiveCfg = Release|x86
		{9E934708-D6C7-48E3-9E95-13144C4E86B5}.Release|x86.Build.0 = Release|x86
		{9E934708-D6C7-48E3-9E95-13144C4E86B5}.Release|x86.Deploy.0 = Release|x86
		{083DDB9E-6B43-4F53-A016-0985F8C04C04}.Debug|AnyCPU.ActiveCfg = Debug|AnyCPU
		{083DDB9E-6B43-4F53-A016-0985F8C04C04}.Debug|AnyCPU.Build.0 = Debug|AnyCPU
		{083DDB9E-6B43-4F53-A016-0985F8C04C04}.Debug|ARM.ActiveCfg = Debug|AnyCPU
		{083DDB9E-6B43-4F53-A016-0985F8C04C04}.Debug|ARM.Build.0 = Debug|AnyCPU
		{083DDB9E-6B43-4F53-A016-0985F8C04C04}.Debug|x64.ActiveCfg = Debug|AnyCPU
		{083DDB9E-6B43-4F53-A016-0985F8C04C04}.Debug|x64.Build.0 = Debug|AnyCPU
		{083DDB9E-6B43-4F53-A016-0985F8C04C04}.Debug|x86.ActiveCfg = Debug|AnyCPU
		{083DDB9E-6B43-4F53-A016-0985F8C04C04}.Debug|x86.Build.0 = Debug|AnyCPU
		{083DDB9E-6B43-4F53-A016-0985F8C04C04}.Release|AnyCPU.ActiveCfg = Release|AnyCPU
		{083DDB9E-6B43-4F53-A016-0985F8C04C04}.Release|AnyCPU.Build.0 = Release|AnyCPU
		{083DDB9E-6B43-4F53-A016-0985F8C04C04}.Release|ARM.ActiveCfg = Release|AnyCPU
		{083DDB9E-6B43-4F53-A016-0985F8C04C04}.Release|ARM.Build.0 = Release|AnyCPU
		{083DDB9E-6B43-4F53-A016-0985F8C04C04}.Release|x64.ActiveCfg = Release|AnyCPU
		{083DDB9E-6B43-4F53-A016-0985F8C04C04}.Release|x64.Build.0 = Release|AnyCPU
		{083DDB9E-6B43-4F53-A016-0985F8C04C04}.Release|x86.ActiveCfg = Release|AnyCPU
		{083DDB9E-6B43-4F53-A016-0985F8C04C04}.Release|x86.Build.0 = Release|AnyCPU
		{DB6E630E-AD4A-4CFF-B504-01033A17D391}.Debug|AnyCPU.ActiveCfg = Debug|AnyCPU
		{DB6E630E-AD4A-4CFF-B504-01033A17D391}.Debug|AnyCPU.Build.0 = Debug|AnyCPU
		{DB6E630E-AD4A-4CFF-B504-01033A17D391}.Debug|ARM.ActiveCfg = Debug|AnyCPU
		{DB6E630E-AD4A-4CFF-B504-01033A17D391}.Debug|ARM.Build.0 = Debug|AnyCPU
		{DB6E630E-AD4A-4CFF-B504-01033A17D391}.Debug|x64.ActiveCfg = Debug|AnyCPU
		{DB6E630E-AD4A-4CFF-B504-01033A17D391}.Debug|x64.Build.0 = Debug|AnyCPU
		{DB6E630E-AD4A-4CFF-B504-01033A17D391}.Debug|x86.ActiveCfg = Debug|AnyCPU
		{DB6E630E-AD4A-4CFF-B504-01033A17D391}.Debug|x86.Build.0 = Debug|AnyCPU
		{DB6E630E-AD4A-4CFF-B504-01033A17D391}.Release|AnyCPU.ActiveCfg = Release|AnyCPU
		{DB6E630E-AD4A-4CFF-B504-01033A17D391}.Release|AnyCPU.Build.0 = Release|AnyCPU
		{DB6E630E-AD4A-4CFF-B504-01033A17D391}.Release|ARM.ActiveCfg = Release|AnyCPU
		{DB6E630E-AD4A-4CFF-B504-01033A17D391}.Release|ARM.Build.0 = Release|AnyCPU
		{DB6E630E-AD4A-4CFF-B504-01033A17D391}.Release|x64.ActiveCfg = Release|AnyCPU
		{DB6E630E-AD4A-4CFF-B504-01033A17D391}.Release|x64.Build.0 = Release|AnyCPU
		{DB6E630E-AD4A-4CFF-B504-01033A17D391}.Release|x86.ActiveCfg = Release|AnyCPU
		{DB6E630E-AD4A-4CFF-B504-01033A17D391}.Release|x86.Build.0 = Release|AnyCPU
	EndGlobalSection
	GlobalSection(SolutionProperties) = preSolution
		HideSolutionNode = FALSE
	EndGlobalSection
	GlobalSection(ExtensibilityGlobals) = postSolution
		SolutionGuid = {46C04569-986C-4FAF-8DA3-868AB9B06B09}
	EndGlobalSection
EndGlobal
